// !$*UTF8*$!
{
	archiveVersion = 1;
	classes = {
	};
	objectVersion = 53;
	objects = {

/* Begin PBXBuildFile section */
		149FCF5C942352942FB3429E /* Pods_ZHCalenderDate.framework in Frameworks */ = {isa = PBXBuildFile; fileRef = 37B9BD8CF8BB01FE4D08AA29 /* Pods_ZHCalenderDate.framework */; };
		7CEA671EA48038FE1A8B0C0E /* Pods_ZHCalenderDate_ZHCalenderDateUITests.framework in Frameworks */ = {isa = PBXBuildFile; fileRef = 6E361C4DC280B749F4439E40 /* Pods_ZHCalenderDate_ZHCalenderDateUITests.framework */; };
		902A87AFDB6B073529BCC8B0 /* Pods_ZHCalenderDateTests.framework in Frameworks */ = {isa = PBXBuildFile; fileRef = 7573C3F1BC478D40D42D6F5D /* Pods_ZHCalenderDateTests.framework */; };
		913B1A84296BEFF000C86C7F /* AppDelegate.swift in Sources */ = {isa = PBXBuildFile; fileRef = 913B1A83296BEFF000C86C7F /* AppDelegate.swift */; };
		913B1A86296BEFF000C86C7F /* SceneDelegate.swift in Sources */ = {isa = PBXBuildFile; fileRef = 913B1A85296BEFF000C86C7F /* SceneDelegate.swift */; };
		913B1A88296BEFF000C86C7F /* ViewController.swift in Sources */ = {isa = PBXBuildFile; fileRef = 913B1A87296BEFF000C86C7F /* ViewController.swift */; };
		913B1A8B296BEFF000C86C7F /* Main.storyboard in Resources */ = {isa = PBXBuildFile; fileRef = 913B1A89296BEFF000C86C7F /* Main.storyboard */; };
		913B1A8D296BEFF100C86C7F /* Assets.xcassets in Resources */ = {isa = PBXBuildFile; fileRef = 913B1A8C296BEFF100C86C7F /* Assets.xcassets */; };
		913B1A90296BEFF100C86C7F /* LaunchScreen.storyboard in Resources */ = {isa = PBXBuildFile; fileRef = 913B1A8E296BEFF100C86C7F /* LaunchScreen.storyboard */; };
		913B1A9B296BEFF100C86C7F /* ZHCalenderDateTests.swift in Sources */ = {isa = PBXBuildFile; fileRef = 913B1A9A296BEFF100C86C7F /* ZHCalenderDateTests.swift */; };
		913B1AA5296BEFF100C86C7F /* ZHCalenderDateUITests.swift in Sources */ = {isa = PBXBuildFile; fileRef = 913B1AA4296BEFF100C86C7F /* ZHCalenderDateUITests.swift */; };
		913B1AA7296BEFF100C86C7F /* ZHCalenderDateUITestsLaunchTests.swift in Sources */ = {isa = PBXBuildFile; fileRef = 913B1AA6296BEFF100C86C7F /* ZHCalenderDateUITestsLaunchTests.swift */; };
		913B1AB5296BF58900C86C7F /* Date_Ex.swift in Sources */ = {isa = PBXBuildFile; fileRef = 913B1AB4296BF58900C86C7F /* Date_Ex.swift */; };
		913B1AB8296BF75D00C86C7F /* ZHCollectionView.swift in Sources */ = {isa = PBXBuildFile; fileRef = 913B1AB7296BF75D00C86C7F /* ZHCollectionView.swift */; };
		913B1ABA296BF7D000C86C7F /* ZHCollectionViewCell.swift in Sources */ = {isa = PBXBuildFile; fileRef = 913B1AB9296BF7D000C86C7F /* ZHCollectionViewCell.swift */; };
		913B1AC5296BF93100C86C7F /* ZYCalendarDateView.swift in Sources */ = {isa = PBXBuildFile; fileRef = 913B1ABD296BF93100C86C7F /* ZYCalendarDateView.swift */; };
		913B1AC6296BF93100C86C7F /* ZYCalendarWeekView.swift in Sources */ = {isa = PBXBuildFile; fileRef = 913B1ABE296BF93100C86C7F /* ZYCalendarWeekView.swift */; };
		913B1AC7296BF93100C86C7F /* ZYCalendarView.swift in Sources */ = {isa = PBXBuildFile; fileRef = 913B1ABF296BF93100C86C7F /* ZYCalendarView.swift */; };
		913B1AC8296BF93100C86C7F /* ZYCalendarModel.swift in Sources */ = {isa = PBXBuildFile; fileRef = 913B1AC1296BF93100C86C7F /* ZYCalendarModel.swift */; };
		913B1AC9296BF93100C86C7F /* ZYCalenderCell.swift in Sources */ = {isa = PBXBuildFile; fileRef = 913B1AC3296BF93100C86C7F /* ZYCalenderCell.swift */; };
		913B1ACA296BF93100C86C7F /* ZYCalendarWeekCell.swift in Sources */ = {isa = PBXBuildFile; fileRef = 913B1AC4296BF93100C86C7F /* ZYCalendarWeekCell.swift */; };
		913B1ACC296BFAD300C86C7F /* ZHView.swift in Sources */ = {isa = PBXBuildFile; fileRef = 913B1ACB296BFAD300C86C7F /* ZHView.swift */; };
		91C52AEA296E58A900026FC7 /* ZHThemeConst.swift in Sources */ = {isa = PBXBuildFile; fileRef = 91C52AE9296E58A900026FC7 /* ZHThemeConst.swift */; };
		91C52AEC296E591000026FC7 /* ZHCellViewModel.swift in Sources */ = {isa = PBXBuildFile; fileRef = 91C52AEB296E591000026FC7 /* ZHCellViewModel.swift */; };
		91C52AEE296E5A0B00026FC7 /* UIColor_Ex.swift in Sources */ = {isa = PBXBuildFile; fileRef = 91C52AED296E5A0B00026FC7 /* UIColor_Ex.swift */; };
		91C52AF0296E63F700026FC7 /* ZHViewController.swift in Sources */ = {isa = PBXBuildFile; fileRef = 91C52AEF296E63F700026FC7 /* ZHViewController.swift */; };
/* End PBXBuildFile section */

/* Begin PBXContainerItemProxy section */
		913B1A97296BEFF100C86C7F /* PBXContainerItemProxy */ = {
			isa = PBXContainerItemProxy;
			containerPortal = 913B1A78296BEFEF00C86C7F /* Project object */;
			proxyType = 1;
			remoteGlobalIDString = 913B1A7F296BEFF000C86C7F;
			remoteInfo = ZHCalenderDate;
		};
		913B1AA1296BEFF100C86C7F /* PBXContainerItemProxy */ = {
			isa = PBXContainerItemProxy;
			containerPortal = 913B1A78296BEFEF00C86C7F /* Project object */;
			proxyType = 1;
			remoteGlobalIDString = 913B1A7F296BEFF000C86C7F;
			remoteInfo = ZHCalenderDate;
		};
/* End PBXContainerItemProxy section */

/* Begin PBXFileReference section */
		25814A4DCE04386A93831346 /* Pods-ZHCalenderDate.debug.xcconfig */ = {isa = PBXFileReference; includeInIndex = 1; lastKnownFileType = text.xcconfig; name = "Pods-ZHCalenderDate.debug.xcconfig"; path = "Target Support Files/Pods-ZHCalenderDate/Pods-ZHCalenderDate.debug.xcconfig"; sourceTree = "<group>"; };
		37B9BD8CF8BB01FE4D08AA29 /* Pods_ZHCalenderDate.framework */ = {isa = PBXFileReference; explicitFileType = wrapper.framework; includeInIndex = 0; path = Pods_ZHCalenderDate.framework; sourceTree = BUILT_PRODUCTS_DIR; };
		471B71C2872AE4D7D25F8A8E /* Pods-ZHCalenderDateTests.debug.xcconfig */ = {isa = PBXFileReference; includeInIndex = 1; lastKnownFileType = text.xcconfig; name = "Pods-ZHCalenderDateTests.debug.xcconfig"; path = "Target Support Files/Pods-ZHCalenderDateTests/Pods-ZHCalenderDateTests.debug.xcconfig"; sourceTree = "<group>"; };
		6E361C4DC280B749F4439E40 /* Pods_ZHCalenderDate_ZHCalenderDateUITests.framework */ = {isa = PBXFileReference; explicitFileType = wrapper.framework; includeInIndex = 0; path = Pods_ZHCalenderDate_ZHCalenderDateUITests.framework; sourceTree = BUILT_PRODUCTS_DIR; };
		7573C3F1BC478D40D42D6F5D /* Pods_ZHCalenderDateTests.framework */ = {isa = PBXFileReference; explicitFileType = wrapper.framework; includeInIndex = 0; path = Pods_ZHCalenderDateTests.framework; sourceTree = BUILT_PRODUCTS_DIR; };
		8AFE4258EB2F2FEDF4A1574E /* Pods-ZHCalenderDate.release.xcconfig */ = {isa = PBXFileReference; includeInIndex = 1; lastKnownFileType = text.xcconfig; name = "Pods-ZHCalenderDate.release.xcconfig"; path = "Target Support Files/Pods-ZHCalenderDate/Pods-ZHCalenderDate.release.xcconfig"; sourceTree = "<group>"; };
		913B1A80296BEFF000C86C7F /* ZHCalenderDate.app */ = {isa = PBXFileReference; explicitFileType = wrapper.application; includeInIndex = 0; path = ZHCalenderDate.app; sourceTree = BUILT_PRODUCTS_DIR; };
		913B1A83296BEFF000C86C7F /* AppDelegate.swift */ = {isa = PBXFileReference; lastKnownFileType = sourcecode.swift; path = AppDelegate.swift; sourceTree = "<group>"; };
		913B1A85296BEFF000C86C7F /* SceneDelegate.swift */ = {isa = PBXFileReference; lastKnownFileType = sourcecode.swift; path = SceneDelegate.swift; sourceTree = "<group>"; };
		913B1A87296BEFF000C86C7F /* ViewController.swift */ = {isa = PBXFileReference; lastKnownFileType = sourcecode.swift; path = ViewController.swift; sourceTree = "<group>"; };
		913B1A8A296BEFF000C86C7F /* Base */ = {isa = PBXFileReference; lastKnownFileType = file.storyboard; name = Base; path = Base.lproj/Main.storyboard; sourceTree = "<group>"; };
		913B1A8C296BEFF100C86C7F /* Assets.xcassets */ = {isa = PBXFileReference; lastKnownFileType = folder.assetcatalog; path = Assets.xcassets; sourceTree = "<group>"; };
		913B1A8F296BEFF100C86C7F /* Base */ = {isa = PBXFileReference; lastKnownFileType = file.storyboard; name = Base; path = Base.lproj/LaunchScreen.storyboard; sourceTree = "<group>"; };
		913B1A91296BEFF100C86C7F /* Info.plist */ = {isa = PBXFileReference; lastKnownFileType = text.plist.xml; path = Info.plist; sourceTree = "<group>"; };
		913B1A96296BEFF100C86C7F /* ZHCalenderDateTests.xctest */ = {isa = PBXFileReference; explicitFileType = wrapper.cfbundle; includeInIndex = 0; path = ZHCalenderDateTests.xctest; sourceTree = BUILT_PRODUCTS_DIR; };
		913B1A9A296BEFF100C86C7F /* ZHCalenderDateTests.swift */ = {isa = PBXFileReference; lastKnownFileType = sourcecode.swift; path = ZHCalenderDateTests.swift; sourceTree = "<group>"; };
		913B1AA0296BEFF100C86C7F /* ZHCalenderDateUITests.xctest */ = {isa = PBXFileReference; explicitFileType = wrapper.cfbundle; includeInIndex = 0; path = ZHCalenderDateUITests.xctest; sourceTree = BUILT_PRODUCTS_DIR; };
		913B1AA4296BEFF100C86C7F /* ZHCalenderDateUITests.swift */ = {isa = PBXFileReference; lastKnownFileType = sourcecode.swift; path = ZHCalenderDateUITests.swift; sourceTree = "<group>"; };
		913B1AA6296BEFF100C86C7F /* ZHCalenderDateUITestsLaunchTests.swift */ = {isa = PBXFileReference; lastKnownFileType = sourcecode.swift; path = ZHCalenderDateUITestsLaunchTests.swift; sourceTree = "<group>"; };
		913B1AB4296BF58900C86C7F /* Date_Ex.swift */ = {isa = PBXFileReference; lastKnownFileType = sourcecode.swift; path = Date_Ex.swift; sourceTree = "<group>"; };
		913B1AB7296BF75D00C86C7F /* ZHCollectionView.swift */ = {isa = PBXFileReference; lastKnownFileType = sourcecode.swift; path = ZHCollectionView.swift; sourceTree = "<group>"; };
		913B1AB9296BF7D000C86C7F /* ZHCollectionViewCell.swift */ = {isa = PBXFileReference; lastKnownFileType = sourcecode.swift; path = ZHCollectionViewCell.swift; sourceTree = "<group>"; };
		913B1ABD296BF93100C86C7F /* ZYCalendarDateView.swift */ = {isa = PBXFileReference; fileEncoding = 4; lastKnownFileType = sourcecode.swift; path = ZYCalendarDateView.swift; sourceTree = "<group>"; };
		913B1ABE296BF93100C86C7F /* ZYCalendarWeekView.swift */ = {isa = PBXFileReference; fileEncoding = 4; lastKnownFileType = sourcecode.swift; path = ZYCalendarWeekView.swift; sourceTree = "<group>"; };
		913B1ABF296BF93100C86C7F /* ZYCalendarView.swift */ = {isa = PBXFileReference; fileEncoding = 4; lastKnownFileType = sourcecode.swift; path = ZYCalendarView.swift; sourceTree = "<group>"; };
		913B1AC1296BF93100C86C7F /* ZYCalendarModel.swift */ = {isa = PBXFileReference; fileEncoding = 4; lastKnownFileType = sourcecode.swift; path = ZYCalendarModel.swift; sourceTree = "<group>"; };
		913B1AC3296BF93100C86C7F /* ZYCalenderCell.swift */ = {isa = PBXFileReference; fileEncoding = 4; lastKnownFileType = sourcecode.swift; path = ZYCalenderCell.swift; sourceTree = "<group>"; };
		913B1AC4296BF93100C86C7F /* ZYCalendarWeekCell.swift */ = {isa = PBXFileReference; fileEncoding = 4; lastKnownFileType = sourcecode.swift; path = ZYCalendarWeekCell.swift; sourceTree = "<group>"; };
		913B1ACB296BFAD300C86C7F /* ZHView.swift */ = {isa = PBXFileReference; lastKnownFileType = sourcecode.swift; path = ZHView.swift; sourceTree = "<group>"; };
		91C52AE9296E58A900026FC7 /* ZHThemeConst.swift */ = {isa = PBXFileReference; lastKnownFileType = sourcecode.swift; path = ZHThemeConst.swift; sourceTree = "<group>"; };
		91C52AEB296E591000026FC7 /* ZHCellViewModel.swift */ = {isa = PBXFileReference; lastKnownFileType = sourcecode.swift; path = ZHCellViewModel.swift; sourceTree = "<group>"; };
		91C52AED296E5A0B00026FC7 /* UIColor_Ex.swift */ = {isa = PBXFileReference; lastKnownFileType = sourcecode.swift; path = UIColor_Ex.swift; sourceTree = "<group>"; };
		91C52AEF296E63F700026FC7 /* ZHViewController.swift */ = {isa = PBXFileReference; lastKnownFileType = sourcecode.swift; path = ZHViewController.swift; sourceTree = "<group>"; };
		B9E376A6B8A766CBC0917874 /* Pods-ZHCalenderDate-ZHCalenderDateUITests.release.xcconfig */ = {isa = PBXFileReference; includeInIndex = 1; lastKnownFileType = text.xcconfig; name = "Pods-ZHCalenderDate-ZHCalenderDateUITests.release.xcconfig"; path = "Target Support Files/Pods-ZHCalenderDate-ZHCalenderDateUITests/Pods-ZHCalenderDate-ZHCalenderDateUITests.release.xcconfig"; sourceTree = "<group>"; };
		D7285C70F27D5EF8318C545D /* Pods-ZHCalenderDateTests.release.xcconfig */ = {isa = PBXFileReference; includeInIndex = 1; lastKnownFileType = text.xcconfig; name = "Pods-ZHCalenderDateTests.release.xcconfig"; path = "Target Support Files/Pods-ZHCalenderDateTests/Pods-ZHCalenderDateTests.release.xcconfig"; sourceTree = "<group>"; };
		F7F4AD321F59A54030FB1E81 /* Pods-ZHCalenderDate-ZHCalenderDateUITests.debug.xcconfig */ = {isa = PBXFileReference; includeInIndex = 1; lastKnownFileType = text.xcconfig; name = "Pods-ZHCalenderDate-ZHCalenderDateUITests.debug.xcconfig"; path = "Target Support Files/Pods-ZHCalenderDate-ZHCalenderDateUITests/Pods-ZHCalenderDate-ZHCalenderDateUITests.debug.xcconfig"; sourceTree = "<group>"; };
/* End PBXFileReference section */

/* Begin PBXFrameworksBuildPhase section */
		913B1A7D296BEFF000C86C7F /* Frameworks */ = {
			isa = PBXFrameworksBuildPhase;
			buildActionMask = 2147483647;
			files = (
				149FCF5C942352942FB3429E /* Pods_ZHCalenderDate.framework in Frameworks */,
			);
			runOnlyForDeploymentPostprocessing = 0;
		};
		913B1A93296BEFF100C86C7F /* Frameworks */ = {
			isa = PBXFrameworksBuildPhase;
			buildActionMask = 2147483647;
			files = (
				902A87AFDB6B073529BCC8B0 /* Pods_ZHCalenderDateTests.framework in Frameworks */,
			);
			runOnlyForDeploymentPostprocessing = 0;
		};
		913B1A9D296BEFF100C86C7F /* Frameworks */ = {
			isa = PBXFrameworksBuildPhase;
			buildActionMask = 2147483647;
			files = (
				7CEA671EA48038FE1A8B0C0E /* Pods_ZHCalenderDate_ZHCalenderDateUITests.framework in Frameworks */,
			);
			runOnlyForDeploymentPostprocessing = 0;
		};
/* End PBXFrameworksBuildPhase section */

/* Begin PBXGroup section */
		768E43C8F765B5BBDF5E91B7 /* Pods */ = {
			isa = PBXGroup;
			children = (
				25814A4DCE04386A93831346 /* Pods-ZHCalenderDate.debug.xcconfig */,
				8AFE4258EB2F2FEDF4A1574E /* Pods-ZHCalenderDate.release.xcconfig */,
				F7F4AD321F59A54030FB1E81 /* Pods-ZHCalenderDate-ZHCalenderDateUITests.debug.xcconfig */,
				B9E376A6B8A766CBC0917874 /* Pods-ZHCalenderDate-ZHCalenderDateUITests.release.xcconfig */,
				471B71C2872AE4D7D25F8A8E /* Pods-ZHCalenderDateTests.debug.xcconfig */,
				D7285C70F27D5EF8318C545D /* Pods-ZHCalenderDateTests.release.xcconfig */,
			);
			path = Pods;
			sourceTree = "<group>";
		};
		76D9799AA1BE03B66B9DE37C /* Frameworks */ = {
			isa = PBXGroup;
			children = (
				37B9BD8CF8BB01FE4D08AA29 /* Pods_ZHCalenderDate.framework */,
				6E361C4DC280B749F4439E40 /* Pods_ZHCalenderDate_ZHCalenderDateUITests.framework */,
				7573C3F1BC478D40D42D6F5D /* Pods_ZHCalenderDateTests.framework */,
			);
			name = Frameworks;
			sourceTree = "<group>";
		};
		913B1A77296BEFEF00C86C7F = {
			isa = PBXGroup;
			children = (
				913B1A82296BEFF000C86C7F /* ZHCalenderDate */,
				913B1A99296BEFF100C86C7F /* ZHCalenderDateTests */,
				913B1AA3296BEFF100C86C7F /* ZHCalenderDateUITests */,
				913B1A81296BEFF000C86C7F /* Products */,
				768E43C8F765B5BBDF5E91B7 /* Pods */,
				76D9799AA1BE03B66B9DE37C /* Frameworks */,
			);
			sourceTree = "<group>";
		};
		913B1A81296BEFF000C86C7F /* Products */ = {
			isa = PBXGroup;
			children = (
				913B1A80296BEFF000C86C7F /* ZHCalenderDate.app */,
				913B1A96296BEFF100C86C7F /* ZHCalenderDateTests.xctest */,
				913B1AA0296BEFF100C86C7F /* ZHCalenderDateUITests.xctest */,
			);
			name = Products;
			sourceTree = "<group>";
		};
		913B1A82296BEFF000C86C7F /* ZHCalenderDate */ = {
			isa = PBXGroup;
			children = (
				913B1ABB296BF93100C86C7F /* ZHCalendar */,
				913B1AB6296BF72300C86C7F /* Base */,
				913B1AB3296BF57500C86C7F /* Extension */,
				913B1A83296BEFF000C86C7F /* AppDelegate.swift */,
				913B1A85296BEFF000C86C7F /* SceneDelegate.swift */,
				913B1A87296BEFF000C86C7F /* ViewController.swift */,
				913B1A89296BEFF000C86C7F /* Main.storyboard */,
				913B1A8C296BEFF100C86C7F /* Assets.xcassets */,
				913B1A8E296BEFF100C86C7F /* LaunchScreen.storyboard */,
				913B1A91296BEFF100C86C7F /* Info.plist */,
			);
			path = ZHCalenderDate;
			sourceTree = "<group>";
		};
		913B1A99296BEFF100C86C7F /* ZHCalenderDateTests */ = {
			isa = PBXGroup;
			children = (
				913B1A9A296BEFF100C86C7F /* ZHCalenderDateTests.swift */,
			);
			path = ZHCalenderDateTests;
			sourceTree = "<group>";
		};
		913B1AA3296BEFF100C86C7F /* ZHCalenderDateUITests */ = {
			isa = PBXGroup;
			children = (
				913B1AA4296BEFF100C86C7F /* ZHCalenderDateUITests.swift */,
				913B1AA6296BEFF100C86C7F /* ZHCalenderDateUITestsLaunchTests.swift */,
			);
			path = ZHCalenderDateUITests;
			sourceTree = "<group>";
		};
		913B1AB3296BF57500C86C7F /* Extension */ = {
			isa = PBXGroup;
			children = (
				913B1AB4296BF58900C86C7F /* Date_Ex.swift */,
				91C52AED296E5A0B00026FC7 /* UIColor_Ex.swift */,
			);
			path = Extension;
			sourceTree = "<group>";
		};
		913B1AB6296BF72300C86C7F /* Base */ = {
			isa = PBXGroup;
			children = (
				913B1ACB296BFAD300C86C7F /* ZHView.swift */,
				913B1AB7296BF75D00C86C7F /* ZHCollectionView.swift */,
				913B1AB9296BF7D000C86C7F /* ZHCollectionViewCell.swift */,
				91C52AE9296E58A900026FC7 /* ZHThemeConst.swift */,
				91C52AEB296E591000026FC7 /* ZHCellViewModel.swift */,
				91C52AEF296E63F700026FC7 /* ZHViewController.swift */,
			);
			path = Base;
			sourceTree = "<group>";
		};
		913B1ABB296BF93100C86C7F /* ZHCalendar */ = {
			isa = PBXGroup;
			children = (
				913B1ABC296BF93100C86C7F /* controller */,
				913B1AC0296BF93100C86C7F /* model */,
				913B1AC2296BF93100C86C7F /* view */,
			);
			path = ZHCalendar;
			sourceTree = "<group>";
		};
		913B1ABC296BF93100C86C7F /* controller */ = {
			isa = PBXGroup;
			children = (
				913B1ABF296BF93100C86C7F /* ZYCalendarView.swift */,
				913B1ABD296BF93100C86C7F /* ZYCalendarDateView.swift */,
				913B1ABE296BF93100C86C7F /* ZYCalendarWeekView.swift */,
			);
			path = controller;
			sourceTree = "<group>";
		};
		913B1AC0296BF93100C86C7F /* model */ = {
			isa = PBXGroup;
			children = (
				913B1AC1296BF93100C86C7F /* ZYCalendarModel.swift */,
			);
			path = model;
			sourceTree = "<group>";
		};
		913B1AC2296BF93100C86C7F /* view */ = {
			isa = PBXGroup;
			children = (
				913B1AC3296BF93100C86C7F /* ZYCalenderCell.swift */,
				913B1AC4296BF93100C86C7F /* ZYCalendarWeekCell.swift */,
			);
			path = view;
			sourceTree = "<group>";
		};
/* End PBXGroup section */

/* Begin PBXNativeTarget section */
		913B1A7F296BEFF000C86C7F /* ZHCalenderDate */ = {
			isa = PBXNativeTarget;
			buildConfigurationList = 913B1AAA296BEFF100C86C7F /* Build configuration list for PBXNativeTarget "ZHCalenderDate" */;
			buildPhases = (
				AB2E59C549A289044620EE73 /* [CP] Check Pods Manifest.lock */,
				913B1A7C296BEFF000C86C7F /* Sources */,
				913B1A7D296BEFF000C86C7F /* Frameworks */,
				913B1A7E296BEFF000C86C7F /* Resources */,
				362210D00F68F1395BC3D517 /* [CP] Embed Pods Frameworks */,
			);
			buildRules = (
			);
			dependencies = (
			);
			name = ZHCalenderDate;
			productName = ZHCalenderDate;
			productReference = 913B1A80296BEFF000C86C7F /* ZHCalenderDate.app */;
			productType = "com.apple.product-type.application";
		};
		913B1A95296BEFF100C86C7F /* ZHCalenderDateTests */ = {
			isa = PBXNativeTarget;
			buildConfigurationList = 913B1AAD296BEFF100C86C7F /* Build configuration list for PBXNativeTarget "ZHCalenderDateTests" */;
			buildPhases = (
				3428CE569915BA9213263B9D /* [CP] Check Pods Manifest.lock */,
				913B1A92296BEFF100C86C7F /* Sources */,
				913B1A93296BEFF100C86C7F /* Frameworks */,
				913B1A94296BEFF100C86C7F /* Resources */,
			);
			buildRules = (
			);
			dependencies = (
				913B1A98296BEFF100C86C7F /* PBXTargetDependency */,
			);
			name = ZHCalenderDateTests;
			productName = ZHCalenderDateTests;
			productReference = 913B1A96296BEFF100C86C7F /* ZHCalenderDateTests.xctest */;
			productType = "com.apple.product-type.bundle.unit-test";
		};
		913B1A9F296BEFF100C86C7F /* ZHCalenderDateUITests */ = {
			isa = PBXNativeTarget;
			buildConfigurationList = 913B1AB0296BEFF100C86C7F /* Build configuration list for PBXNativeTarget "ZHCalenderDateUITests" */;
			buildPhases = (
				72D74038835024F044DA2E50 /* [CP] Check Pods Manifest.lock */,
				913B1A9C296BEFF100C86C7F /* Sources */,
				913B1A9D296BEFF100C86C7F /* Frameworks */,
				913B1A9E296BEFF100C86C7F /* Resources */,
				5217693221A97B8C78DE9B3C /* [CP] Embed Pods Frameworks */,
			);
			buildRules = (
			);
			dependencies = (
				913B1AA2296BEFF100C86C7F /* PBXTargetDependency */,
			);
			name = ZHCalenderDateUITests;
			productName = ZHCalenderDateUITests;
			productReference = 913B1AA0296BEFF100C86C7F /* ZHCalenderDateUITests.xctest */;
			productType = "com.apple.product-type.bundle.ui-testing";
		};
/* End PBXNativeTarget section */

/* Begin PBXProject section */
		913B1A78296BEFEF00C86C7F /* Project object */ = {
			isa = PBXProject;
			attributes = {
				BuildIndependentTargetsInParallel = 1;
				CLASSPREFIX = ZH;
				LastSwiftUpdateCheck = 1400;
				LastUpgradeCheck = 1400;
				TargetAttributes = {
					913B1A7F296BEFF000C86C7F = {
						CreatedOnToolsVersion = 14.0.1;
					};
					913B1A95296BEFF100C86C7F = {
						CreatedOnToolsVersion = 14.0.1;
						TestTargetID = 913B1A7F296BEFF000C86C7F;
					};
					913B1A9F296BEFF100C86C7F = {
						CreatedOnToolsVersion = 14.0.1;
						TestTargetID = 913B1A7F296BEFF000C86C7F;
					};
				};
			};
			buildConfigurationList = 913B1A7B296BEFEF00C86C7F /* Build configuration list for PBXProject "ZHCalenderDate" */;
			compatibilityVersion = "Xcode 8.0";
			developmentRegion = en;
			hasScannedForEncodings = 0;
			knownRegions = (
				en,
				Base,
			);
			mainGroup = 913B1A77296BEFEF00C86C7F;
			productRefGroup = 913B1A81296BEFF000C86C7F /* Products */;
			projectDirPath = "";
			projectRoot = "";
			targets = (
				913B1A7F296BEFF000C86C7F /* ZHCalenderDate */,
				913B1A95296BEFF100C86C7F /* ZHCalenderDateTests */,
				913B1A9F296BEFF100C86C7F /* ZHCalenderDateUITests */,
			);
		};
/* End PBXProject section */

/* Begin PBXResourcesBuildPhase section */
		913B1A7E296BEFF000C86C7F /* Resources */ = {
			isa = PBXResourcesBuildPhase;
			buildActionMask = 2147483647;
			files = (
				913B1A90296BEFF100C86C7F /* LaunchScreen.storyboard in Resources */,
				913B1A8D296BEFF100C86C7F /* Assets.xcassets in Resources */,
				913B1A8B296BEFF000C86C7F /* Main.storyboard in Resources */,
			);
			runOnlyForDeploymentPostprocessing = 0;
		};
		913B1A94296BEFF100C86C7F /* Resources */ = {
			isa = PBXResourcesBuildPhase;
			buildActionMask = 2147483647;
			files = (
			);
			runOnlyForDeploymentPostprocessing = 0;
		};
		913B1A9E296BEFF100C86C7F /* Resources */ = {
			isa = PBXResourcesBuildPhase;
			buildActionMask = 2147483647;
			files = (
			);
			runOnlyForDeploymentPostprocessing = 0;
		};
/* End PBXResourcesBuildPhase section */

/* Begin PBXShellScriptBuildPhase section */
		3428CE569915BA9213263B9D /* [CP] Check Pods Manifest.lock */ = {
			isa = PBXShellScriptBuildPhase;
			buildActionMask = 2147483647;
			files = (
			);
			inputFileListPaths = (
			);
			inputPaths = (
				"${PODS_PODFILE_DIR_PATH}/Podfile.lock",
				"${PODS_ROOT}/Manifest.lock",
			);
			name = "[CP] Check Pods Manifest.lock";
			outputFileListPaths = (
			);
			outputPaths = (
				"$(DERIVED_FILE_DIR)/Pods-ZHCalenderDateTests-checkManifestLockResult.txt",
			);
			runOnlyForDeploymentPostprocessing = 0;
			shellPath = /bin/sh;
			shellScript = "diff \"${PODS_PODFILE_DIR_PATH}/Podfile.lock\" \"${PODS_ROOT}/Manifest.lock\" > /dev/null\nif [ $? != 0 ] ; then\n    # print error to STDERR\n    echo \"error: The sandbox is not in sync with the Podfile.lock. Run 'pod install' or update your CocoaPods installation.\" >&2\n    exit 1\nfi\n# This output is used by Xcode 'outputs' to avoid re-running this script phase.\necho \"SUCCESS\" > \"${SCRIPT_OUTPUT_FILE_0}\"\n";
			showEnvVarsInLog = 0;
		};
		362210D00F68F1395BC3D517 /* [CP] Embed Pods Frameworks */ = {
			isa = PBXShellScriptBuildPhase;
			buildActionMask = 2147483647;
			files = (
			);
			inputPaths = (
				"${PODS_ROOT}/Target Support Files/Pods-ZHCalenderDate/Pods-ZHCalenderDate-frameworks.sh",
				"${BUILT_PRODUCTS_DIR}/RxCocoa/RxCocoa.framework",
				"${BUILT_PRODUCTS_DIR}/RxRelay/RxRelay.framework",
				"${BUILT_PRODUCTS_DIR}/RxSwift/RxSwift.framework",
				"${BUILT_PRODUCTS_DIR}/SnapKit/SnapKit.framework",
				"${BUILT_PRODUCTS_DIR}/SwifterSwift/SwifterSwift.framework",
				"${BUILT_PRODUCTS_DIR}/SwiftyFitsize/SwiftyFitsize.framework",
				"${BUILT_PRODUCTS_DIR}/Then/Then.framework",
			);
			name = "[CP] Embed Pods Frameworks";
			outputPaths = (
				"${TARGET_BUILD_DIR}/${FRAMEWORKS_FOLDER_PATH}/RxCocoa.framework",
				"${TARGET_BUILD_DIR}/${FRAMEWORKS_FOLDER_PATH}/RxRelay.framework",
				"${TARGET_BUILD_DIR}/${FRAMEWORKS_FOLDER_PATH}/RxSwift.framework",
				"${TARGET_BUILD_DIR}/${FRAMEWORKS_FOLDER_PATH}/SnapKit.framework",
				"${TARGET_BUILD_DIR}/${FRAMEWORKS_FOLDER_PATH}/SwifterSwift.framework",
				"${TARGET_BUILD_DIR}/${FRAMEWORKS_FOLDER_PATH}/SwiftyFitsize.framework",
				"${TARGET_BUILD_DIR}/${FRAMEWORKS_FOLDER_PATH}/Then.framework",
			);
			runOnlyForDeploymentPostprocessing = 0;
			shellPath = /bin/sh;
			shellScript = "\"${PODS_ROOT}/Target Support Files/Pods-ZHCalenderDate/Pods-ZHCalenderDate-frameworks.sh\"\n";
			showEnvVarsInLog = 0;
		};
		5217693221A97B8C78DE9B3C /* [CP] Embed Pods Frameworks */ = {
			isa = PBXShellScriptBuildPhase;
			buildActionMask = 2147483647;
			files = (
			);
			inputPaths = (
				"${PODS_ROOT}/Target Support Files/Pods-ZHCalenderDate-ZHCalenderDateUITests/Pods-ZHCalenderDate-ZHCalenderDateUITests-frameworks.sh",
				"${BUILT_PRODUCTS_DIR}/RxCocoa/RxCocoa.framework",
				"${BUILT_PRODUCTS_DIR}/RxRelay/RxRelay.framework",
				"${BUILT_PRODUCTS_DIR}/RxSwift/RxSwift.framework",
				"${BUILT_PRODUCTS_DIR}/SnapKit/SnapKit.framework",
				"${BUILT_PRODUCTS_DIR}/SwifterSwift/SwifterSwift.framework",
				"${BUILT_PRODUCTS_DIR}/SwiftyFitsize/SwiftyFitsize.framework",
				"${BUILT_PRODUCTS_DIR}/Then/Then.framework",
			);
			name = "[CP] Embed Pods Frameworks";
			outputPaths = (
				"${TARGET_BUILD_DIR}/${FRAMEWORKS_FOLDER_PATH}/RxCocoa.framework",
				"${TARGET_BUILD_DIR}/${FRAMEWORKS_FOLDER_PATH}/RxRelay.framework",
				"${TARGET_BUILD_DIR}/${FRAMEWORKS_FOLDER_PATH}/RxSwift.framework",
				"${TARGET_BUILD_DIR}/${FRAMEWORKS_FOLDER_PATH}/SnapKit.framework",
				"${TARGET_BUILD_DIR}/${FRAMEWORKS_FOLDER_PATH}/SwifterSwift.framework",
				"${TARGET_BUILD_DIR}/${FRAMEWORKS_FOLDER_PATH}/SwiftyFitsize.framework",
				"${TARGET_BUILD_DIR}/${FRAMEWORKS_FOLDER_PATH}/Then.framework",
			);
			runOnlyForDeploymentPostprocessing = 0;
			shellPath = /bin/sh;
			shellScript = "\"${PODS_ROOT}/Target Support Files/Pods-ZHCalenderDate-ZHCalenderDateUITests/Pods-ZHCalenderDate-ZHCalenderDateUITests-frameworks.sh\"\n";
			showEnvVarsInLog = 0;
		};
		72D74038835024F044DA2E50 /* [CP] Check Pods Manifest.lock */ = {
			isa = PBXShellScriptBuildPhase;
			buildActionMask = 2147483647;
			files = (
			);
			inputFileListPaths = (
			);
			inputPaths = (
				"${PODS_PODFILE_DIR_PATH}/Podfile.lock",
				"${PODS_ROOT}/Manifest.lock",
			);
			name = "[CP] Check Pods Manifest.lock";
			outputFileListPaths = (
			);
			outputPaths = (
				"$(DERIVED_FILE_DIR)/Pods-ZHCalenderDate-ZHCalenderDateUITests-checkManifestLockResult.txt",
			);
			runOnlyForDeploymentPostprocessing = 0;
			shellPath = /bin/sh;
			shellScript = "diff \"${PODS_PODFILE_DIR_PATH}/Podfile.lock\" \"${PODS_ROOT}/Manifest.lock\" > /dev/null\nif [ $? != 0 ] ; then\n    # print error to STDERR\n    echo \"error: The sandbox is not in sync with the Podfile.lock. Run 'pod install' or update your CocoaPods installation.\" >&2\n    exit 1\nfi\n# This output is used by Xcode 'outputs' to avoid re-running this script phase.\necho \"SUCCESS\" > \"${SCRIPT_OUTPUT_FILE_0}\"\n";
			showEnvVarsInLog = 0;
		};
		AB2E59C549A289044620EE73 /* [CP] Check Pods Manifest.lock */ = {
			isa = PBXShellScriptBuildPhase;
			buildActionMask = 2147483647;
			files = (
			);
			inputFileListPaths = (
			);
			inputPaths = (
				"${PODS_PODFILE_DIR_PATH}/Podfile.lock",
				"${PODS_ROOT}/Manifest.lock",
			);
			name = "[CP] Check Pods Manifest.lock";
			outputFileListPaths = (
			);
			outputPaths = (
				"$(DERIVED_FILE_DIR)/Pods-ZHCalenderDate-checkManifestLockResult.txt",
			);
			runOnlyForDeploymentPostprocessing = 0;
			shellPath = /bin/sh;
			shellScript = "diff \"${PODS_PODFILE_DIR_PATH}/Podfile.lock\" \"${PODS_ROOT}/Manifest.lock\" > /dev/null\nif [ $? != 0 ] ; then\n    # print error to STDERR\n    echo \"error: The sandbox is not in sync with the Podfile.lock. Run 'pod install' or update your CocoaPods installation.\" >&2\n    exit 1\nfi\n# This output is used by Xcode 'outputs' to avoid re-running this script phase.\necho \"SUCCESS\" > \"${SCRIPT_OUTPUT_FILE_0}\"\n";
			showEnvVarsInLog = 0;
		};
/* End PBXShellScriptBuildPhase section */

/* Begin PBXSourcesBuildPhase section */
		913B1A7C296BEFF000C86C7F /* Sources */ = {
			isa = PBXSourcesBuildPhase;
			buildActionMask = 2147483647;
			files = (
				913B1AC8296BF93100C86C7F /* ZYCalendarModel.swift in Sources */,
				91C52AEA296E58A900026FC7 /* ZHThemeConst.swift in Sources */,
				913B1AC7296BF93100C86C7F /* ZYCalendarView.swift in Sources */,
				913B1ABA296BF7D000C86C7F /* ZHCollectionViewCell.swift in Sources */,
				91C52AEE296E5A0B00026FC7 /* UIColor_Ex.swift in Sources */,
				91C52AF0296E63F700026FC7 /* ZHViewController.swift in Sources */,
				913B1A88296BEFF000C86C7F /* ViewController.swift in Sources */,
				913B1ACA296BF93100C86C7F /* ZYCalendarWeekCell.swift in Sources */,
				913B1AC9296BF93100C86C7F /* ZYCalenderCell.swift in Sources */,
				913B1A84296BEFF000C86C7F /* AppDelegate.swift in Sources */,
				913B1ACC296BFAD300C86C7F /* ZHView.swift in Sources */,
				913B1AB8296BF75D00C86C7F /* ZHCollectionView.swift in Sources */,
				913B1AC5296BF93100C86C7F /* ZYCalendarDateView.swift in Sources */,
				913B1AB5296BF58900C86C7F /* Date_Ex.swift in Sources */,
				913B1A86296BEFF000C86C7F /* SceneDelegate.swift in Sources */,
				913B1AC6296BF93100C86C7F /* ZYCalendarWeekView.swift in Sources */,
				91C52AEC296E591000026FC7 /* ZHCellViewModel.swift in Sources */,
			);
			runOnlyForDeploymentPostprocessing = 0;
		};
		913B1A92296BEFF100C86C7F /* Sources */ = {
			isa = PBXSourcesBuildPhase;
			buildActionMask = 2147483647;
			files = (
				913B1A9B296BEFF100C86C7F /* ZHCalenderDateTests.swift in Sources */,
			);
			runOnlyForDeploymentPostprocessing = 0;
		};
		913B1A9C296BEFF100C86C7F /* Sources */ = {
			isa = PBXSourcesBuildPhase;
			buildActionMask = 2147483647;
			files = (
				913B1AA7296BEFF100C86C7F /* ZHCalenderDateUITestsLaunchTests.swift in Sources */,
				913B1AA5296BEFF100C86C7F /* ZHCalenderDateUITests.swift in Sources */,
			);
			runOnlyForDeploymentPostprocessing = 0;
		};
/* End PBXSourcesBuildPhase section */

/* Begin PBXTargetDependency section */
		913B1A98296BEFF100C86C7F /* PBXTargetDependency */ = {
			isa = PBXTargetDependency;
			target = 913B1A7F296BEFF000C86C7F /* ZHCalenderDate */;
			targetProxy = 913B1A97296BEFF100C86C7F /* PBXContainerItemProxy */;
		};
		913B1AA2296BEFF100C86C7F /* PBXTargetDependency */ = {
			isa = PBXTargetDependency;
			target = 913B1A7F296BEFF000C86C7F /* ZHCalenderDate */;
			targetProxy = 913B1AA1296BEFF100C86C7F /* PBXContainerItemProxy */;
		};
/* End PBXTargetDependency section */

/* Begin PBXVariantGroup section */
		913B1A89296BEFF000C86C7F /* Main.storyboard */ = {
			isa = PBXVariantGroup;
			children = (
				913B1A8A296BEFF000C86C7F /* Base */,
			);
			name = Main.storyboard;
			sourceTree = "<group>";
		};
		913B1A8E296BEFF100C86C7F /* LaunchScreen.storyboard */ = {
			isa = PBXVariantGroup;
			children = (
				913B1A8F296BEFF100C86C7F /* Base */,
			);
			name = LaunchScreen.storyboard;
			sourceTree = "<group>";
		};
/* End PBXVariantGroup section */

/* Begin XCBuildConfiguration section */
		913B1AA8296BEFF100C86C7F /* Debug */ = {
			isa = XCBuildConfiguration;
			buildSettings = {
				ALWAYS_SEARCH_USER_PATHS = NO;
				CLANG_ANALYZER_NONNULL = YES;
				CLANG_ANALYZER_NUMBER_OBJECT_CONVERSION = YES_AGGRESSIVE;
				CLANG_CXX_LANGUAGE_STANDARD = "gnu++20";
				CLANG_ENABLE_MODULES = YES;
				CLANG_ENABLE_OBJC_ARC = YES;
				CLANG_ENABLE_OBJC_WEAK = YES;
				CLANG_WARN_BLOCK_CAPTURE_AUTORELEASING = YES;
				CLANG_WARN_BOOL_CONVERSION = YES;
				CLANG_WARN_COMMA = YES;
				CLANG_WARN_CONSTANT_CONVERSION = YES;
				CLANG_WARN_DEPRECATED_OBJC_IMPLEMENTATIONS = YES;
				CLANG_WARN_DIRECT_OBJC_ISA_USAGE = YES_ERROR;
				CLANG_WARN_DOCUMENTATION_COMMENTS = YES;
				CLANG_WARN_EMPTY_BODY = YES;
				CLANG_WARN_ENUM_CONVERSION = YES;
				CLANG_WARN_INFINITE_RECURSION = YES;
				CLANG_WARN_INT_CONVERSION = YES;
				CLANG_WARN_NON_LITERAL_NULL_CONVERSION = YES;
				CLANG_WARN_OBJC_IMPLICIT_RETAIN_SELF = YES;
				CLANG_WARN_OBJC_LITERAL_CONVERSION = YES;
				CLANG_WARN_OBJC_ROOT_CLASS = YES_ERROR;
				CLANG_WARN_QUOTED_INCLUDE_IN_FRAMEWORK_HEADER = YES;
				CLANG_WARN_RANGE_LOOP_ANALYSIS = YES;
				CLANG_WARN_STRICT_PROTOTYPES = YES;
				CLANG_WARN_SUSPICIOUS_MOVE = YES;
				CLANG_WARN_UNGUARDED_AVAILABILITY = YES_AGGRESSIVE;
				CLANG_WARN_UNREACHABLE_CODE = YES;
				CLANG_WARN__DUPLICATE_METHOD_MATCH = YES;
				COPY_PHASE_STRIP = NO;
				DEBUG_INFORMATION_FORMAT = dwarf;
				ENABLE_STRICT_OBJC_MSGSEND = YES;
				ENABLE_TESTABILITY = YES;
				GCC_C_LANGUAGE_STANDARD = gnu11;
				GCC_DYNAMIC_NO_PIC = NO;
				GCC_NO_COMMON_BLOCKS = YES;
				GCC_OPTIMIZATION_LEVEL = 0;
				GCC_PREPROCESSOR_DEFINITIONS = (
					"DEBUG=1",
					"$(inherited)",
				);
				GCC_WARN_64_TO_32_BIT_CONVERSION = YES;
				GCC_WARN_ABOUT_RETURN_TYPE = YES_ERROR;
				GCC_WARN_UNDECLARED_SELECTOR = YES;
				GCC_WARN_UNINITIALIZED_AUTOS = YES_AGGRESSIVE;
				GCC_WARN_UNUSED_FUNCTION = YES;
				GCC_WARN_UNUSED_VARIABLE = YES;
				IPHONEOS_DEPLOYMENT_TARGET = 16.0;
				MTL_ENABLE_DEBUG_INFO = INCLUDE_SOURCE;
				MTL_FAST_MATH = YES;
				ONLY_ACTIVE_ARCH = YES;
				SDKROOT = iphoneos;
				SWIFT_ACTIVE_COMPILATION_CONDITIONS = DEBUG;
				SWIFT_OPTIMIZATION_LEVEL = "-Onone";
			};
			name = Debug;
		};
		913B1AA9296BEFF100C86C7F /* Release */ = {
			isa = XCBuildConfiguration;
			buildSettings = {
				ALWAYS_SEARCH_USER_PATHS = NO;
				CLANG_ANALYZER_NONNULL = YES;
				CLANG_ANALYZER_NUMBER_OBJECT_CONVERSION = YES_AGGRESSIVE;
				CLANG_CXX_LANGUAGE_STANDARD = "gnu++20";
				CLANG_ENABLE_MODULES = YES;
				CLANG_ENABLE_OBJC_ARC = YES;
				CLANG_ENABLE_OBJC_WEAK = YES;
				CLANG_WARN_BLOCK_CAPTURE_AUTORELEASING = YES;
				CLANG_WARN_BOOL_CONVERSION = YES;
				CLANG_WARN_COMMA = YES;
				CLANG_WARN_CONSTANT_CONVERSION = YES;
				CLANG_WARN_DEPRECATED_OBJC_IMPLEMENTATIONS = YES;
				CLANG_WARN_DIRECT_OBJC_ISA_USAGE = YES_ERROR;
				CLANG_WARN_DOCUMENTATION_COMMENTS = YES;
				CLANG_WARN_EMPTY_BODY = YES;
				CLANG_WARN_ENUM_CONVERSION = YES;
				CLANG_WARN_INFINITE_RECURSION = YES;
				CLANG_WARN_INT_CONVERSION = YES;
				CLANG_WARN_NON_LITERAL_NULL_CONVERSION = YES;
				CLANG_WARN_OBJC_IMPLICIT_RETAIN_SELF = YES;
				CLANG_WARN_OBJC_LITERAL_CONVERSION = YES;
				CLANG_WARN_OBJC_ROOT_CLASS = YES_ERROR;
				CLANG_WARN_QUOTED_INCLUDE_IN_FRAMEWORK_HEADER = YES;
				CLANG_WARN_RANGE_LOOP_ANALYSIS = YES;
				CLANG_WARN_STRICT_PROTOTYPES = YES;
				CLANG_WARN_SUSPICIOUS_MOVE = YES;
				CLANG_WARN_UNGUARDED_AVAILABILITY = YES_AGGRESSIVE;
				CLANG_WARN_UNREACHABLE_CODE = YES;
				CLANG_WARN__DUPLICATE_METHOD_MATCH = YES;
				COPY_PHASE_STRIP = NO;
				DEBUG_INFORMATION_FORMAT = "dwarf-with-dsym";
				ENABLE_NS_ASSERTIONS = NO;
				ENABLE_STRICT_OBJC_MSGSEND = YES;
				GCC_C_LANGUAGE_STANDARD = gnu11;
				GCC_NO_COMMON_BLOCKS = YES;
				GCC_WARN_64_TO_32_BIT_CONVERSION = YES;
				GCC_WARN_ABOUT_RETURN_TYPE = YES_ERROR;
				GCC_WARN_UNDECLARED_SELECTOR = YES;
				GCC_WARN_UNINITIALIZED_AUTOS = YES_AGGRESSIVE;
				GCC_WARN_UNUSED_FUNCTION = YES;
				GCC_WARN_UNUSED_VARIABLE = YES;
				IPHONEOS_DEPLOYMENT_TARGET = 16.0;
				MTL_ENABLE_DEBUG_INFO = NO;
				MTL_FAST_MATH = YES;
				SDKROOT = iphoneos;
				SWIFT_COMPILATION_MODE = wholemodule;
				SWIFT_OPTIMIZATION_LEVEL = "-O";
				VALIDATE_PRODUCT = YES;
			};
			name = Release;
		};
		913B1AAB296BEFF100C86C7F /* Debug */ = {
			isa = XCBuildConfiguration;
			baseConfigurationReference = 25814A4DCE04386A93831346 /* Pods-ZHCalenderDate.debug.xcconfig */;
			buildSettings = {
				ASSETCATALOG_COMPILER_APPICON_NAME = AppIcon;
				ASSETCATALOG_COMPILER_GLOBAL_ACCENT_COLOR_NAME = AccentColor;
				CODE_SIGN_STYLE = Automatic;
				CURRENT_PROJECT_VERSION = 1;
				DEVELOPMENT_TEAM = VJ5GC2LRC3;
				GENERATE_INFOPLIST_FILE = YES;
				INFOPLIST_FILE = ZHCalenderDate/Info.plist;
				INFOPLIST_KEY_UIApplicationSupportsIndirectInputEvents = YES;
				INFOPLIST_KEY_UILaunchStoryboardName = LaunchScreen;
				INFOPLIST_KEY_UIMainStoryboardFile = Main;
				INFOPLIST_KEY_UISupportedInterfaceOrientations_iPad = "UIInterfaceOrientationPortrait UIInterfaceOrientationPortraitUpsideDown UIInterfaceOrientationLandscapeLeft UIInterfaceOrientationLandscapeRight";
				INFOPLIST_KEY_UISupportedInterfaceOrientations_iPhone = "UIInterfaceOrientationPortrait UIInterfaceOrientationLandscapeLeft UIInterfaceOrientationLandscapeRight";
				LD_RUNPATH_SEARCH_PATHS = (
					"$(inherited)",
					"@executable_path/Frameworks",
				);
				MARKETING_VERSION = 1.0;
				PRODUCT_BUNDLE_IDENTIFIER = zh.calender.date.hyy.ZHCalenderDate;
				PRODUCT_NAME = "$(TARGET_NAME)";
				SWIFT_EMIT_LOC_STRINGS = YES;
				SWIFT_VERSION = 5.0;
				TARGETED_DEVICE_FAMILY = "1,2";
			};
			name = Debug;
		};
		913B1AAC296BEFF100C86C7F /* Release */ = {
			isa = XCBuildConfiguration;
			baseConfigurationReference = 8AFE4258EB2F2FEDF4A1574E /* Pods-ZHCalenderDate.release.xcconfig */;
			buildSettings = {
				ASSETCATALOG_COMPILER_APPICON_NAME = AppIcon;
				ASSETCATALOG_COMPILER_GLOBAL_ACCENT_COLOR_NAME = AccentColor;
				CODE_SIGN_STYLE = Automatic;
				CURRENT_PROJECT_VERSION = 1;
				DEVELOPMENT_TEAM = VJ5GC2LRC3;
				GENERATE_INFOPLIST_FILE = YES;
				INFOPLIST_FILE = ZHCalenderDate/Info.plist;
				INFOPLIST_KEY_UIApplicationSupportsIndirectInputEvents = YES;
				INFOPLIST_KEY_UILaunchStoryboardName = LaunchScreen;
				INFOPLIST_KEY_UIMainStoryboardFile = Main;
				INFOPLIST_KEY_UISupportedInterfaceOrientations_iPad = "UIInterfaceOrientationPortrait UIInterfaceOrientationPortraitUpsideDown UIInterfaceOrientationLandscapeLeft UIInterfaceOrientationLandscapeRight";
				INFOPLIST_KEY_UISupportedInterfaceOrientations_iPhone = "UIInterfaceOrientationPortrait UIInterfaceOrientationLandscapeLeft UIInterfaceOrientationLandscapeRight";
				LD_RUNPATH_SEARCH_PATHS = (
					"$(inherited)",
					"@executable_path/Frameworks",
				);
				MARKETING_VERSION = 1.0;
				PRODUCT_BUNDLE_IDENTIFIER = zh.calender.date.hyy.ZHCalenderDate;
				PRODUCT_NAME = "$(TARGET_NAME)";
				SWIFT_EMIT_LOC_STRINGS = YES;
				SWIFT_VERSION = 5.0;
				TARGETED_DEVICE_FAMILY = "1,2";
			};
			name = Release;
		};
		913B1AAE296BEFF100C86C7F /* Debug */ = {
			isa = XCBuildConfiguration;
			baseConfigurationReference = 471B71C2872AE4D7D25F8A8E /* Pods-ZHCalenderDateTests.debug.xcconfig */;
			buildSettings = {
				ALWAYS_EMBED_SWIFT_STANDARD_LIBRARIES = YES;
				BUNDLE_LOADER = "$(TEST_HOST)";
				CODE_SIGN_STYLE = Automatic;
				CURRENT_PROJECT_VERSION = 1;
				DEVELOPMENT_TEAM = VJ5GC2LRC3;
				GENERATE_INFOPLIST_FILE = YES;
				IPHONEOS_DEPLOYMENT_TARGET = 16.0;
				MARKETING_VERSION = 1.0;
				PRODUCT_BUNDLE_IDENTIFIER = zh.calender.date.hyy.ZHCalenderDateTests;
				PRODUCT_NAME = "$(TARGET_NAME)";
				SWIFT_EMIT_LOC_STRINGS = NO;
				SWIFT_VERSION = 5.0;
				TARGETED_DEVICE_FAMILY = "1,2";
				TEST_HOST = "$(BUILT_PRODUCTS_DIR)/ZHCalenderDate.app/$(BUNDLE_EXECUTABLE_FOLDER_PATH)/ZHCalenderDate";
			};
			name = Debug;
		};
		913B1AAF296BEFF100C86C7F /* Release */ = {
			isa = XCBuildConfiguration;
			baseConfigurationReference = D7285C70F27D5EF8318C545D /* Pods-ZHCalenderDateTests.release.xcconfig */;
			buildSettings = {
				ALWAYS_EMBED_SWIFT_STANDARD_LIBRARIES = YES;
				BUNDLE_LOADER = "$(TEST_HOST)";
				CODE_SIGN_STYLE = Automatic;
				CURRENT_PROJECT_VERSION = 1;
				DEVELOPMENT_TEAM = VJ5GC2LRC3;
				GENERATE_INFOPLIST_FILE = YES;
				IPHONEOS_DEPLOYMENT_TARGET = 16.0;
				MARKETING_VERSION = 1.0;
				PRODUCT_BUNDLE_IDENTIFIER = zh.calender.date.hyy.ZHCalenderDateTests;
				PRODUCT_NAME = "$(TARGET_NAME)";
				SWIFT_EMIT_LOC_STRINGS = NO;
				SWIFT_VERSION = 5.0;
				TARGETED_DEVICE_FAMILY = "1,2";
				TEST_HOST = "$(BUILT_PRODUCTS_DIR)/ZHCalenderDate.app/$(BUNDLE_EXECUTABLE_FOLDER_PATH)/ZHCalenderDate";
			};
			name = Release;
		};
		913B1AB1296BEFF100C86C7F /* Debug */ = {
			isa = XCBuildConfiguration;
			baseConfigurationReference = F7F4AD321F59A54030FB1E81 /* Pods-ZHCalenderDate-ZHCalenderDateUITests.debug.xcconfig */;
			buildSettings = {
				ALWAYS_EMBED_SWIFT_STANDARD_LIBRARIES = YES;
				CODE_SIGN_STYLE = Automatic;
				CURRENT_PROJECT_VERSION = 1;
				DEVELOPMENT_TEAM = VJ5GC2LRC3;
				GENERATE_INFOPLIST_FILE = YES;
				MARKETING_VERSION = 1.0;
				PRODUCT_BUNDLE_IDENTIFIER = zh.calender.date.hyy.ZHCalenderDateUITests;
				PRODUCT_NAME = "$(TARGET_NAME)";
				SWIFT_EMIT_LOC_STRINGS = NO;
				SWIFT_VERSION = 5.0;
				TARGETED_DEVICE_FAMILY = "1,2";
				TEST_TARGET_NAME = ZHCalenderDate;
			};
			name = Debug;
		};
		913B1AB2296BEFF100C86C7F /* Release */ = {
			isa = XCBuildConfiguration;
			baseConfigurationReference = B9E376A6B8A766CBC0917874 /* Pods-ZHCalenderDate-ZHCalenderDateUITests.release.xcconfig */;
			buildSettings = {
				ALWAYS_EMBED_SWIFT_STANDARD_LIBRARIES = YES;
				CODE_SIGN_STYLE = Automatic;
				CURRENT_PROJECT_VERSION = 1;
				DEVELOPMENT_TEAM = VJ5GC2LRC3;
				GENERATE_INFOPLIST_FILE = YES;
				MARKETING_VERSION = 1.0;
				PRODUCT_BUNDLE_IDENTIFIER = zh.calender.date.hyy.ZHCalenderDateUITests;
				PRODUCT_NAME = "$(TARGET_NAME)";
				SWIFT_EMIT_LOC_STRINGS = NO;
				SWIFT_VERSION = 5.0;
				TARGETED_DEVICE_FAMILY = "1,2";
				TEST_TARGET_NAME = ZHCalenderDate;
			};
			name = Release;
		};
/* End XCBuildConfiguration section */

/* Begin XCConfigurationList section */
		913B1A7B296BEFEF00C86C7F /* Build configuration list for PBXProject "ZHCalenderDate" */ = {
			isa = XCConfigurationList;
			buildConfigurations = (
				913B1AA8296BEFF100C86C7F /* Debug */,
				913B1AA9296BEFF100C86C7F /* Release */,
			);
			defaultConfigurationIsVisible = 0;
			defaultConfigurationName = Release;
		};
		913B1AAA296BEFF100C86C7F /* Build configuration list for PBXNativeTarget "ZHCalenderDate" */ = {
			isa = XCConfigurationList;
			buildConfigurations = (
				913B1AAB296BEFF100C86C7F /* Debug */,
				913B1AAC296BEFF100C86C7F /* Release */,
			);
			defaultConfigurationIsVisible = 0;
			defaultConfigurationName = Release;
		};
		913B1AAD296BEFF100C86C7F /* Build configuration list for PBXNativeTarget "ZHCalenderDateTests" */ = {
			isa = XCConfigurationList;
			buildConfigurations = (
				913B1AAE296BEFF100C86C7F /* Debug */,
				913B1AAF296BEFF100C86C7F /* Release */,
			);
			defaultConfigurationIsVisible = 0;
			defaultConfigurationName = Release;
		};
		913B1AB0296BEFF100C86C7F /* Build configuration list for PBXNativeTarget "ZHCalenderDateUITests" */ = {
			isa = XCConfigurationList;
			buildConfigurations = (
				913B1AB1296BEFF100C86C7F /* Debug */,
				913B1AB2296BEFF100C86C7F /* Release */,
			);
			defaultConfigurationIsVisible = 0;
			defaultConfigurationName = Release;
		};
/* End XCConfigurationList section */
	};
	rootObject = 913B1A78296BEFEF00C86C7F /* Project object */;
}
